
Microsoft Visual Studio Solution File, Format Version 12.00
# Visual Studio Version 17
VisualStudioVersion = 17.3.32901.215
MinimumVisualStudioVersion = 10.0.40219.1
Project("{FAE04EC0-301F-11D3-BF4B-00C04F79EFBC}") = "HomeWork10.2", "HomeWork10\HomeWork10.2.csproj", "{C1265E52-0DF1-4142-92D3-173E689CDED1}"
EndProject
Project("{FAE04EC0-301F-11D3-BF4B-00C04F79EFBC}") = "Homework10.3", "Homework10.3\Homework10.3.csproj", "{573ED027-B0F3-4B67-9DE8-47F53A0976E8}"
EndProject
Project("{FAE04EC0-301F-11D3-BF4B-00C04F79EFBC}") = "Homework 10.5", "Homework 10.5\Homework 10.5.csproj", "{F0B7AFAC-1ACB-40AB-A5CD-3CCB77DA933A}"
EndProject
Global
	GlobalSection(SolutionConfigurationPlatforms) = preSolution
		Debug|Any CPU = Debug|Any CPU
		Release|Any CPU = Release|Any CPU
	EndGlobalSection
	GlobalSection(ProjectConfigurationPlatforms) = postSolution
		{C1265E52-0DF1-4142-92D3-173E689CDED1}.Debug|Any CPU.ActiveCfg = Debug|Any CPU
		{C1265E52-0DF1-4142-92D3-173E689CDED1}.Debug|Any CPU.Build.0 = Debug|Any CPU
		{C1265E52-0DF1-4142-92D3-173E689CDED1}.Release|Any CPU.ActiveCfg = Release|Any CPU
		{C1265E52-0DF1-4142-92D3-173E689CDED1}.Release|Any CPU.Build.0 = Release|Any CPU
		{573ED027-B0F3-4B67-9DE8-47F53A0976E8}.Debug|Any CPU.ActiveCfg = Debug|Any CPU
		{573ED027-B0F3-4B67-9DE8-47F53A0976E8}.Debug|Any CPU.Build.0 = Debug|Any CPU
		{573ED027-B0F3-4B67-9DE8-47F53A0976E8}.Release|Any CPU.ActiveCfg = Release|Any CPU
		{573ED027-B0F3-4B67-9DE8-47F53A0976E8}.Release|Any CPU.Build.0 = Release|Any CPU
		{F0B7AFAC-1ACB-40AB-A5CD-3CCB77DA933A}.Debug|Any CPU.ActiveCfg = Debug|Any CPU
		{F0B7AFAC-1ACB-40AB-A5CD-3CCB77DA933A}.Debug|Any CPU.Build.0 = Debug|Any CPU
		{F0B7AFAC-1ACB-40AB-A5CD-3CCB77DA933A}.Release|Any CPU.ActiveCfg = Release|Any CPU
		{F0B7AFAC-1ACB-40AB-A5CD-3CCB77DA933A}.Release|Any CPU.Build.0 = Release|Any CPU
	EndGlobalSection
	GlobalSection(SolutionProperties) = preSolution
		HideSolutionNode = FALSE
	EndGlobalSection
	GlobalSection(ExtensibilityGlobals) = postSolution
		SolutionGuid = {DAC41F11-3571-4843-B54E-0AEDC2212D47}
	EndGlobalSection
EndGlobal
